
Microsoft Visual Studio Solution File, Format Version 12.00
# Visual Studio 15
VisualStudioVersion = 15.0.28307.852
MinimumVisualStudioVersion = 10.0.40219.1
Project("{FAE04EC0-301F-11D3-BF4B-00C04F79EFBC}") = "InternalDSL", "InternalDSL\InternalDSL.csproj", "{B8425CE0-2524-49B6-B5A9-14BA90A6751A}"
EndProject
Project("{FAE04EC0-301F-11D3-BF4B-00C04F79EFBC}") = "InternalDSLTests", "InternalDSLTests\InternalDSLTests.csproj", "{492714C8-EBA2-4831-91B2-A44174AE2D4F}"
EndProject
Global
	GlobalSection(SolutionConfigurationPlatforms) = preSolution
		Debug|Any CPU = Debug|Any CPU
		Release|Any CPU = Release|Any CPU
	EndGlobalSection
	GlobalSection(ProjectConfigurationPlatforms) = postSolution
		{B8425CE0-2524-49B6-B5A9-14BA90A6751A}.Debug|Any CPU.ActiveCfg = Debug|Any CPU
		{B8425CE0-2524-49B6-B5A9-14BA90A6751A}.Debug|Any CPU.Build.0 = Debug|Any CPU
		{B8425CE0-2524-49B6-B5A9-14BA90A6751A}.Release|Any CPU.ActiveCfg = Release|Any CPU
		{B8425CE0-2524-49B6-B5A9-14BA90A6751A}.Release|Any CPU.Build.0 = Release|Any CPU
		{492714C8-EBA2-4831-91B2-A44174AE2D4F}.Debug|Any CPU.ActiveCfg = Debug|Any CPU
		{492714C8-EBA2-4831-91B2-A44174AE2D4F}.Debug|Any CPU.Build.0 = Debug|Any CPU
		{492714C8-EBA2-4831-91B2-A44174AE2D4F}.Release|Any CPU.ActiveCfg = Release|Any CPU
		{492714C8-EBA2-4831-91B2-A44174AE2D4F}.Release|Any CPU.Build.0 = Release|Any CPU
	EndGlobalSection
	GlobalSection(SolutionProperties) = preSolution
		HideSolutionNode = FALSE
	EndGlobalSection
	GlobalSection(ExtensibilityGlobals) = postSolution
		SolutionGuid = {4914070D-FF92-454C-B495-00541DABE294}
	EndGlobalSection
EndGlobal
